
Microsoft Visual Studio Solution File, Format Version 12.00
# Visual Studio Version 17
VisualStudioVersion = 17.9.34723.18
MinimumVisualStudioVersion = 10.0.40219.1
Project("{FAE04EC0-301F-11D3-BF4B-00C04F79EFBC}") = "ScheduleBuilder", "ScheduleBuilder\ScheduleBuilder.csproj", "{E95802FC-FC5C-4A8F-AA5A-290E3819E3AF}"
EndProject
Project("{FAE04EC0-301F-11D3-BF4B-00C04F79EFBC}") = "Scheduler", "Scheduler\Scheduler.csproj", "{62F30FEB-BDD4-4F0E-9CC0-2F86CCF41044}"
EndProject
Project("{FAE04EC0-301F-11D3-BF4B-00C04F79EFBC}") = "UnitTest", "UnitTest\UnitTest.csproj", "{232D4BCE-05E8-4D49-8DCD-AE9E9F4E6224}"
EndProject
Global
	GlobalSection(SolutionConfigurationPlatforms) = preSolution
		Debug|Any CPU = Debug|Any CPU
		Release|Any CPU = Release|Any CPU
	EndGlobalSection
	GlobalSection(ProjectConfigurationPlatforms) = postSolution
		{E95802FC-FC5C-4A8F-AA5A-290E3819E3AF}.Debug|Any CPU.ActiveCfg = Debug|Any CPU
		{E95802FC-FC5C-4A8F-AA5A-290E3819E3AF}.Debug|Any CPU.Build.0 = Debug|Any CPU
		{E95802FC-FC5C-4A8F-AA5A-290E3819E3AF}.Release|Any CPU.ActiveCfg = Release|Any CPU
		{E95802FC-FC5C-4A8F-AA5A-290E3819E3AF}.Release|Any CPU.Build.0 = Release|Any CPU
		{62F30FEB-BDD4-4F0E-9CC0-2F86CCF41044}.Debug|Any CPU.ActiveCfg = Debug|Any CPU
		{62F30FEB-BDD4-4F0E-9CC0-2F86CCF41044}.Debug|Any CPU.Build.0 = Debug|Any CPU
		{62F30FEB-BDD4-4F0E-9CC0-2F86CCF41044}.Release|Any CPU.ActiveCfg = Release|Any CPU
		{62F30FEB-BDD4-4F0E-9CC0-2F86CCF41044}.Release|Any CPU.Build.0 = Release|Any CPU
		{232D4BCE-05E8-4D49-8DCD-AE9E9F4E6224}.Debug|Any CPU.ActiveCfg = Debug|Any CPU
		{232D4BCE-05E8-4D49-8DCD-AE9E9F4E6224}.Debug|Any CPU.Build.0 = Debug|Any CPU
		{232D4BCE-05E8-4D49-8DCD-AE9E9F4E6224}.Release|Any CPU.ActiveCfg = Release|Any CPU
		{232D4BCE-05E8-4D49-8DCD-AE9E9F4E6224}.Release|Any CPU.Build.0 = Release|Any CPU
	EndGlobalSection
	GlobalSection(SolutionProperties) = preSolution
		HideSolutionNode = FALSE
	EndGlobalSection
	GlobalSection(ExtensibilityGlobals) = postSolution
		SolutionGuid = {8FF18AB4-DFCB-41B3-B49C-CF802E1363D2}
	EndGlobalSection
EndGlobal
